{
    "_meta": {
        "hash": {
            "sha256": "7402244d360bfa16a737ad76f9ececef1055fd1092a696f8565af0501f05c6c5"
        },
        "pipfile-spec": 6,
        "requires": {
            "python_version": "3.10"
        },
        "sources": [
            {
                "name": "pypi",
                "url": "https://pypi.org/simple",
                "verify_ssl": true
            }
        ]
    },
    "default": {
        "polars": {
            "hashes": [
                "sha256:08ee57946f34e2de3ebfc7853d21a14eb92e3993e71d788a6aaaa0757e7bd3e2",
                "sha256:15d8807828f9c3ddbab60b4aa17ea1dea7743a3dddebfd1c6186826257a687ca",
                "sha256:2f7b08e1725d1a7c522aa316304e8ddb835c69b579577249764c7fa4eeb97305",
                "sha256:abc5da1f6f7e2ee15bdab74cd19939948a0910799b27ee3eb0768bb95f0e9aff",
                "sha256:ceeb767bb944605539db63c528fe074708f0e23ece2f78f3dfc5132ac2e84d64",
                "sha256:d211aed6ae34845e1a9766e3b487f73ee9d5044927cc748f7498a72a5a0c8805"
            ],
            "index": "pypi",
            "markers": "python_version >= '3.8'",
            "version": "==0.20.22"
        }
    },
    "develop": {}
}
